# THIS IS AN AUTOGENERATED FILE. DO NOT EDIT THIS FILE DIRECTLY.
# yarn lockfile v1


"@aws-crypto/ie11-detection@^1.0.0":
  version "1.0.0"
  resolved "https://registry.yarnpkg.com/@aws-crypto/ie11-detection/-/ie11-detection-1.0.0.tgz#d3a6af29ba7f15458f79c41d1cd8cac3925e726a"
  integrity sha512-kCKVhCF1oDxFYgQrxXmIrS5oaWulkvRcPz+QBDMsUr2crbF4VGgGT6+uQhSwJFdUAQ2A//Vq+uT83eJrkzFgXA==
  dependencies:
    tslib "^1.11.1"

"@aws-crypto/sha256-browser@^1.0.0":
  version "1.0.0"
  resolved "https://registry.yarnpkg.com/@aws-crypto/sha256-browser/-/sha256-browser-1.0.0.tgz#9c34d3b829d922b2c8e077b30a60db53d6befcb1"
  integrity sha512-uSufui4ZktC5lYX6bDxgBgNboxGyw9V9V+rlcNsNTxh4YPhOdCslwJMGntiWOBRGAgXhhvWi7FqnTS2SaT3cpg==
  dependencies:
    "@aws-crypto/ie11-detection" "^1.0.0"
    "@aws-crypto/sha256-js" "^1.0.0"
    "@aws-crypto/supports-web-crypto" "^1.0.0"
    "@aws-sdk/types" "^1.0.0-rc.1"
    "@aws-sdk/util-locate-window" "^1.0.0-rc.1"
    "@aws-sdk/util-utf8-browser" "^1.0.0-rc.1"
    tslib "^1.11.1"

"@aws-crypto/sha256-js@^1.0.0":
  version "1.0.0"
  resolved "https://registry.yarnpkg.com/@aws-crypto/sha256-js/-/sha256-js-1.0.0.tgz#ca788a3242a4024c386e6b9985da28f290a79ad7"
  integrity sha512-89kqtFs/tdHBFHEBXZ4UXlCISswvEor3BVVOriR68Tbk1Qe1zBOZtfbSOt3CDT69z88x5uM558YW9k8I1xei5A==
  dependencies:
    "@aws-sdk/types" "^1.0.0-rc.1"
    "@aws-sdk/util-utf8-browser" "^1.0.0-rc.1"
    tslib "^1.11.1"

"@aws-crypto/supports-web-crypto@^1.0.0":
  version "1.0.0"
  resolved "https://registry.yarnpkg.com/@aws-crypto/supports-web-crypto/-/supports-web-crypto-1.0.0.tgz#c40901bc17ac1e875e248df16a2b47ad8bfd9a93"
  integrity sha512-IHLfv+WmVH89EW4n6a5eE8/hUlz6qkWGMn/v4r5ZgzcXdTC5nolii2z3k46y01hWRiC2PPhOdeSLzMUCUMco7g==
  dependencies:
    tslib "^1.11.1"

"@aws-sdk/abort-controller@3.6.1":
  version "3.6.1"
  resolved "https://registry.yarnpkg.com/@aws-sdk/abort-controller/-/abort-controller-3.6.1.tgz#75812875bbef6ad17e0e3a6d96aab9df636376f9"
  integrity sha512-X81XkxX/2Tvv9YNcEto/rcQzPIdKJHFSnl9hBl/qkSdCFV/GaQ2XNWfKm5qFXMLlZNFS0Fn5CnBJ83qnBm47vg==
  dependencies:
    "@aws-sdk/types" "3.6.1"
    tslib "^1.8.0"

"@aws-sdk/client-ec2@^3.8.0":
  version "3.8.0"
  resolved "https://registry.yarnpkg.com/@aws-sdk/client-ec2/-/client-ec2-3.8.0.tgz#5e4081c0eed5360210202fea0ca4f22476f6b3ea"
  integrity sha512-7jSJpxIq21btOQ6lHiSRf4ysV5qOh4nYSY2o0a6x3jmfWllepTkiEQVXtQAUybRc5A1WBg7Jsru9IfvUNbFOvA==
  dependencies:
    "@aws-crypto/sha256-browser" "^1.0.0"
    "@aws-crypto/sha256-js" "^1.0.0"
    "@aws-sdk/config-resolver" "3.8.0"
    "@aws-sdk/credential-provider-node" "3.8.0"
    "@aws-sdk/fetch-http-handler" "3.6.1"
    "@aws-sdk/hash-node" "3.6.1"
    "@aws-sdk/invalid-dependency" "3.6.1"
    "@aws-sdk/middleware-content-length" "3.6.1"
    "@aws-sdk/middleware-host-header" "3.6.1"
    "@aws-sdk/middleware-logger" "3.6.1"
    "@aws-sdk/middleware-retry" "3.8.0"
    "@aws-sdk/middleware-sdk-ec2" "3.6.1"
    "@aws-sdk/middleware-serde" "3.6.1"
    "@aws-sdk/middleware-signing" "3.6.1"
    "@aws-sdk/middleware-stack" "3.6.1"
    "@aws-sdk/middleware-user-agent" "3.6.1"
    "@aws-sdk/node-config-provider" "3.8.0"
    "@aws-sdk/node-http-handler" "3.6.1"
    "@aws-sdk/protocol-http" "3.6.1"
    "@aws-sdk/smithy-client" "3.6.1"
    "@aws-sdk/types" "3.6.1"
    "@aws-sdk/url-parser" "3.6.1"
    "@aws-sdk/url-parser-native" "3.6.1"
    "@aws-sdk/util-base64-browser" "3.6.1"
    "@aws-sdk/util-base64-node" "3.6.1"
    "@aws-sdk/util-body-length-browser" "3.6.1"
    "@aws-sdk/util-body-length-node" "3.6.1"
    "@aws-sdk/util-user-agent-browser" "3.6.1"
    "@aws-sdk/util-user-agent-node" "3.8.0"
    "@aws-sdk/util-utf8-browser" "3.6.1"
    "@aws-sdk/util-utf8-node" "3.6.1"
    "@aws-sdk/util-waiter" "3.6.1"
    fast-xml-parser "3.17.4"
    tslib "^2.0.0"
    uuid "^3.0.0"

"@aws-sdk/client-sso@3.8.0":
  version "3.8.0"
  resolved "https://registry.yarnpkg.com/@aws-sdk/client-sso/-/client-sso-3.8.0.tgz#dc28c31b75135eb017486dccd64b5d151dead073"
  integrity sha512-7ACmEm7FVe6WnW7XimqpPeF02i2JtFsuP72u8V0p4u8Jo1li9WOE9qc/Q2u9ptDhKQ+YL49dRLW65Ltu4JsFIw==
  dependencies:
    "@aws-crypto/sha256-browser" "^1.0.0"
    "@aws-crypto/sha256-js" "^1.0.0"
    "@aws-sdk/config-resolver" "3.8.0"
    "@aws-sdk/fetch-http-handler" "3.6.1"
    "@aws-sdk/hash-node" "3.6.1"
    "@aws-sdk/invalid-dependency" "3.6.1"
    "@aws-sdk/middleware-content-length" "3.6.1"
    "@aws-sdk/middleware-host-header" "3.6.1"
    "@aws-sdk/middleware-logger" "3.6.1"
    "@aws-sdk/middleware-retry" "3.8.0"
    "@aws-sdk/middleware-serde" "3.6.1"
    "@aws-sdk/middleware-stack" "3.6.1"
    "@aws-sdk/middleware-user-agent" "3.6.1"
    "@aws-sdk/node-config-provider" "3.8.0"
    "@aws-sdk/node-http-handler" "3.6.1"
    "@aws-sdk/protocol-http" "3.6.1"
    "@aws-sdk/smithy-client" "3.6.1"
    "@aws-sdk/types" "3.6.1"
    "@aws-sdk/url-parser" "3.6.1"
    "@aws-sdk/url-parser-native" "3.6.1"
    "@aws-sdk/util-base64-browser" "3.6.1"
    "@aws-sdk/util-base64-node" "3.6.1"
    "@aws-sdk/util-body-length-browser" "3.6.1"
    "@aws-sdk/util-body-length-node" "3.6.1"
    "@aws-sdk/util-user-agent-browser" "3.6.1"
    "@aws-sdk/util-user-agent-node" "3.8.0"
    "@aws-sdk/util-utf8-browser" "3.6.1"
    "@aws-sdk/util-utf8-node" "3.6.1"
    tslib "^2.0.0"

"@aws-sdk/config-resolver@3.8.0":
  version "3.8.0"
  resolved "https://registry.yarnpkg.com/@aws-sdk/config-resolver/-/config-resolver-3.8.0.tgz#a05c2c2c54776f8c8fba95b3c75dac9156ac8a7d"
  integrity sha512-dtVB+yaT6gEqvzDt/pFS2suESTHb4qMiak3i34emSAcXilLYwOm3avUV/GApc499epQdxv/aRDAupanLVqTA1g==
  dependencies:
    "@aws-sdk/signature-v4" "3.6.1"
    "@aws-sdk/types" "3.6.1"
    tslib "^1.8.0"

"@aws-sdk/credential-provider-env@3.8.0":
  version "3.8.0"
  resolved "https://registry.yarnpkg.com/@aws-sdk/credential-provider-env/-/credential-provider-env-3.8.0.tgz#95c53204e9aed786608bd6430cfa3d9e2efe331f"
  integrity sha512-XUTu1rN1JAGEw3E5WBy00c5Dsu1WKG807bRNSMhlHZDus0ml24MHnypeQ7A2sluE1RJDUZC6vo4GmpM0pV//ug==
  dependencies:
    "@aws-sdk/property-provider" "3.8.0"
    "@aws-sdk/types" "3.6.1"
    tslib "^1.8.0"

"@aws-sdk/credential-provider-imds@3.8.0":
  version "3.8.0"
  resolved "https://registry.yarnpkg.com/@aws-sdk/credential-provider-imds/-/credential-provider-imds-3.8.0.tgz#5f4af7073650794af5c6395179a2eda0552051e7"
  integrity sha512-//O6uy4HX3KeFTcGP/+GUPQhj1Ljooh+Lp0DDXqkXa79cfV2zCqoBDXeOHiPPwZCWQ14hYhD2qcriiiqEXFsmA==
  dependencies:
    "@aws-sdk/property-provider" "3.8.0"
    "@aws-sdk/types" "3.6.1"
    tslib "^1.8.0"

"@aws-sdk/credential-provider-ini@3.8.0":
  version "3.8.0"
  resolved "https://registry.yarnpkg.com/@aws-sdk/credential-provider-ini/-/credential-provider-ini-3.8.0.tgz#fcfc8da533364de6c5bdb4563f43248b825bcf62"
  integrity sha512-p/1fiV0vwN9VmNZh/4CVAJXrLpHZO6Dm5OPdIKmmQJaiF9/pZFTaxO82xtMiELDcRV4FAueGV+ptEHIJMZAfsg==
  dependencies:
    "@aws-sdk/property-provider" "3.8.0"
    "@aws-sdk/shared-ini-file-loader" "3.8.0"
    "@aws-sdk/types" "3.6.1"
    tslib "^1.8.0"

"@aws-sdk/credential-provider-node@3.8.0":
  version "3.8.0"
  resolved "https://registry.yarnpkg.com/@aws-sdk/credential-provider-node/-/credential-provider-node-3.8.0.tgz#14ff3f5223921529890ab4968e4aa9207ed3a549"
  integrity sha512-O5r2LdPlsKlipyFsfDPnhnWnpW/K7MQ0W+7mOJoEaGUnB/ua7VrEvRiqacKWbjzqNz+ztyZZMWaiqJQCOjIINA==
  dependencies:
    "@aws-sdk/credential-provider-env" "3.8.0"
    "@aws-sdk/credential-provider-imds" "3.8.0"
    "@aws-sdk/credential-provider-ini" "3.8.0"
    "@aws-sdk/credential-provider-process" "3.8.0"
    "@aws-sdk/credential-provider-sso" "3.8.0"
    "@aws-sdk/property-provider" "3.8.0"
    "@aws-sdk/shared-ini-file-loader" "3.8.0"
    "@aws-sdk/types" "3.6.1"
    tslib "^1.8.0"

"@aws-sdk/credential-provider-process@3.8.0":
  version "3.8.0"
  resolved "https://registry.yarnpkg.com/@aws-sdk/credential-provider-process/-/credential-provider-process-3.8.0.tgz#7cba4d5bce42e1844d5d9d38b21f93330029e619"
  integrity sha512-8wsJFne7CzJnf1D3TjD831WyJsJjEPK+zITgN2FWijUlsC3A8n7cibwRnGOWoSIh3hO6ELNflr33tL1GD2qd/g==
  dependencies:
    "@aws-sdk/credential-provider-ini" "3.8.0"
    "@aws-sdk/property-provider" "3.8.0"
    "@aws-sdk/shared-ini-file-loader" "3.8.0"
    "@aws-sdk/types" "3.6.1"
    tslib "^1.8.0"

"@aws-sdk/credential-provider-sso@3.8.0":
  version "3.8.0"
  resolved "https://registry.yarnpkg.com/@aws-sdk/credential-provider-sso/-/credential-provider-sso-3.8.0.tgz#d05a18100e54ec7ceea29777517a7961e69b4a65"
  integrity sha512-9sd6vBgs2uZVUz1tCiX6OuA/u21UL4ekzRpUMSs1NBin1Za1axYSOpjFDo/u2ajg9EYJ6s0SsE96y8WCDmq8vA==
  dependencies:
    "@aws-sdk/client-sso" "3.8.0"
    "@aws-sdk/credential-provider-ini" "3.8.0"
    "@aws-sdk/property-provider" "3.8.0"
    "@aws-sdk/shared-ini-file-loader" "3.8.0"
    "@aws-sdk/types" "3.6.1"
    tslib "^1.8.0"

"@aws-sdk/fetch-http-handler@3.6.1":
  version "3.6.1"
  resolved "https://registry.yarnpkg.com/@aws-sdk/fetch-http-handler/-/fetch-http-handler-3.6.1.tgz#c5fb4a4ee158161fca52b220d2c11dddcda9b092"
  integrity sha512-N8l6ZbwhINuWG5hsl625lmIQmVjzsqRPmlgh061jm5D90IhsM5/3A3wUxpB/k0av1dmuMRw/m0YtBU5w4LOwvw==
  dependencies:
    "@aws-sdk/protocol-http" "3.6.1"
    "@aws-sdk/querystring-builder" "3.6.1"
    "@aws-sdk/types" "3.6.1"
    "@aws-sdk/util-base64-browser" "3.6.1"
    tslib "^1.8.0"

"@aws-sdk/hash-node@3.6.1":
  version "3.6.1"
  resolved "https://registry.yarnpkg.com/@aws-sdk/hash-node/-/hash-node-3.6.1.tgz#72d75ec3b9c7e7f9b0c498805364f1f897165ce9"
  integrity sha512-iKEpzpyaG9PYCnaOGwTIf0lffsF/TpsXrzAfnBlfeOU/3FbgniW2z/yq5xBbtMDtLobtOYC09kUFwDnDvuveSA==
  dependencies:
    "@aws-sdk/types" "3.6.1"
    "@aws-sdk/util-buffer-from" "3.6.1"
    tslib "^1.8.0"

"@aws-sdk/invalid-dependency@3.6.1":
  version "3.6.1"
  resolved "https://registry.yarnpkg.com/@aws-sdk/invalid-dependency/-/invalid-dependency-3.6.1.tgz#fd2519f5482c6d6113d38a73b7143fd8d5b5b670"
  integrity sha512-d0RLqK7yeDCZJKopnGmGXo2rYkQNE7sGKVmBHQD1j1kKZ9lWwRoJeWqo834JNPZzY5XRvZG5SuIjJ1kFy8LpyQ==
  dependencies:
    "@aws-sdk/types" "3.6.1"
    tslib "^1.8.0"

"@aws-sdk/is-array-buffer@3.6.1":
  version "3.6.1"
  resolved "https://registry.yarnpkg.com/@aws-sdk/is-array-buffer/-/is-array-buffer-3.6.1.tgz#96df5d64b2d599947f81b164d5d92623f85c659c"
  integrity sha512-qm2iDJmCrxlQE2dsFG+TujPe7jw4DF+4RTrsFMhk/e3lOl3MAzQ6Fc2kXtgeUcVrZVFTL8fQvXE1ByYyI6WbCw==
  dependencies:
    tslib "^1.8.0"

"@aws-sdk/middleware-content-length@3.6.1":
  version "3.6.1"
  resolved "https://registry.yarnpkg.com/@aws-sdk/middleware-content-length/-/middleware-content-length-3.6.1.tgz#f9c00a4045b2b56c1ff8bcbb3dec9c3d42332992"
  integrity sha512-QRcocG9f5YjYzbjs2HjKla6ZIjvx8Y8tm1ZSFOPey81m18CLif1O7M3AtJXvxn+0zeSck9StFdhz5gfjVNYtDg==
  dependencies:
    "@aws-sdk/protocol-http" "3.6.1"
    "@aws-sdk/types" "3.6.1"
    tslib "^1.8.0"

"@aws-sdk/middleware-host-header@3.6.1":
  version "3.6.1"
  resolved "https://registry.yarnpkg.com/@aws-sdk/middleware-host-header/-/middleware-host-header-3.6.1.tgz#6e1b4b95c5bfea5a4416fa32f11d8fa2e6edaeff"
  integrity sha512-nwq8R2fGBRZQE0Fr/jiOgqfppfiTQCUoD8hyX3qSS7Qc2uqpsDOt2TnnoZl56mpQYkF/344IvMAkp+ew6wR73w==
  dependencies:
    "@aws-sdk/protocol-http" "3.6.1"
    "@aws-sdk/types" "3.6.1"
    tslib "^1.8.0"

"@aws-sdk/middleware-logger@3.6.1":
  version "3.6.1"
  resolved "https://registry.yarnpkg.com/@aws-sdk/middleware-logger/-/middleware-logger-3.6.1.tgz#78b3732cf188d5e4df13488db6418f7f98a77d6d"
  integrity sha512-zxaSLpwKlja7JvK20UsDTxPqBZUo3rbDA1uv3VWwpxzOrEWSlVZYx/KLuyGWGkx9V71ZEkf6oOWWJIstS0wyQQ==
  dependencies:
    "@aws-sdk/types" "3.6.1"
    tslib "^1.8.0"

"@aws-sdk/middleware-retry@3.8.0":
  version "3.8.0"
  resolved "https://registry.yarnpkg.com/@aws-sdk/middleware-retry/-/middleware-retry-3.8.0.tgz#0a1a88766f9bce37c937cc12823cef8462a9c5b8"
  integrity sha512-VzBEMO7h+doctrNSuNXQhTs8pkR2r6qCEDIn3xRen4qaG80PpryC7oUExhuFyAljQBRsAH7ZPZtlSh7cAKnhTA==
  dependencies:
    "@aws-sdk/protocol-http" "3.6.1"
    "@aws-sdk/service-error-classification" "3.6.1"
    "@aws-sdk/types" "3.6.1"
    react-native-get-random-values "^1.4.0"
    tslib "^1.8.0"
    uuid "^3.0.0"

"@aws-sdk/middleware-sdk-ec2@3.6.1":
  version "3.6.1"
  resolved "https://registry.yarnpkg.com/@aws-sdk/middleware-sdk-ec2/-/middleware-sdk-ec2-3.6.1.tgz#596be3b3a226964ec33fb01c999397635eb447ce"
  integrity sha512-qH7BAPd+NbPyhKlocFVPJGbzjSO5hhSdNGTJ013cUjOau178G7DXQQSY4PRpodvufg+yMEPvFm/ZWu/iEWuhQQ==
  dependencies:
    "@aws-sdk/protocol-http" "3.6.1"
    "@aws-sdk/signature-v4" "3.6.1"
    "@aws-sdk/types" "3.6.1"
    "@aws-sdk/util-format-url" "3.6.1"
    "@aws-sdk/util-uri-escape" "3.6.1"
    tslib "^1.8.0"

"@aws-sdk/middleware-serde@3.6.1":
  version "3.6.1"
  resolved "https://registry.yarnpkg.com/@aws-sdk/middleware-serde/-/middleware-serde-3.6.1.tgz#734c7d16c2aa9ccc01f6cca5e2f6aa2993b6739d"
  integrity sha512-EdQCFZRERfP3uDuWcPNuaa2WUR3qL1WFDXafhcx+7ywQxagdYqBUWKFJlLYi6njbkOKXFM+eHBzoXGF0OV3MJA==
  dependencies:
    "@aws-sdk/types" "3.6.1"
    tslib "^1.8.0"

"@aws-sdk/middleware-signing@3.6.1":
  version "3.6.1"
  resolved "https://registry.yarnpkg.com/@aws-sdk/middleware-signing/-/middleware-signing-3.6.1.tgz#e70a2f35d85d70e33c9fddfb54b9520f6382db16"
  integrity sha512-1woKq+1sU3eausdl8BNdAMRZMkSYuy4mxhLsF0/qAUuLwo1eJLLUCOQp477tICawgu4O4q2OAyUHk7wMqYnQCg==
  dependencies:
    "@aws-sdk/protocol-http" "3.6.1"
    "@aws-sdk/signature-v4" "3.6.1"
    "@aws-sdk/types" "3.6.1"
    tslib "^1.8.0"

"@aws-sdk/middleware-stack@3.6.1":
  version "3.6.1"
  resolved "https://registry.yarnpkg.com/@aws-sdk/middleware-stack/-/middleware-stack-3.6.1.tgz#d7483201706bb5935a62884e9b60f425f1c6434f"
  integrity sha512-EPsIxMi8LtCt7YwTFpWGlVGYJc0q4kwFbOssY02qfqdCnyqi2y5wo089dH7OdxUooQ0D7CPsXM1zTTuzvm+9Fw==
  dependencies:
    tslib "^1.8.0"

"@aws-sdk/middleware-user-agent@3.6.1":
  version "3.6.1"
  resolved "https://registry.yarnpkg.com/@aws-sdk/middleware-user-agent/-/middleware-user-agent-3.6.1.tgz#6845dfb3bc6187897f348c2c87dec833e6a65c99"
  integrity sha512-YvXvwllNDVvxQ30vIqLsx+P6jjnfFEQUmhlv64n98gOme6h2BqoyQDcC3yHRGctuxRZEsR7W/H1ASTKC+iabbQ==
  dependencies:
    "@aws-sdk/protocol-http" "3.6.1"
    "@aws-sdk/types" "3.6.1"
    tslib "^1.8.0"

"@aws-sdk/node-config-provider@3.8.0":
  version "3.8.0"
  resolved "https://registry.yarnpkg.com/@aws-sdk/node-config-provider/-/node-config-provider-3.8.0.tgz#61a55941c72d72c0c984f51d1e0fc85f5b8591d4"
  integrity sha512-VBpFquxACQO9MbdOIz35JgwOH+oJ5JwXpEq2faIhK+0zyM0JqLfJNFnnmHaEH9kBVcdOYJihzDgFje3AnYn7PQ==
  dependencies:
    "@aws-sdk/property-provider" "3.8.0"
    "@aws-sdk/shared-ini-file-loader" "3.8.0"
    "@aws-sdk/types" "3.6.1"
    tslib "^1.8.0"

"@aws-sdk/node-http-handler@3.6.1":
  version "3.6.1"
  resolved "https://registry.yarnpkg.com/@aws-sdk/node-http-handler/-/node-http-handler-3.6.1.tgz#4b65c4dcc0cf46ba44cb6c3bf29c5f817bb8d9a7"
  integrity sha512-6XSaoqbm9ZF6T4UdBCcs/Gn2XclwBotkdjj46AxO+9vRAgZDP+lH/8WwZsvfqJhhRhS0qxWrks98WGJwmaTG8g==
  dependencies:
    "@aws-sdk/abort-controller" "3.6.1"
    "@aws-sdk/protocol-http" "3.6.1"
    "@aws-sdk/querystring-builder" "3.6.1"
    "@aws-sdk/types" "3.6.1"
    tslib "^1.8.0"

"@aws-sdk/property-provider@3.8.0":
  version "3.8.0"
  resolved "https://registry.yarnpkg.com/@aws-sdk/property-provider/-/property-provider-3.8.0.tgz#895c94a3bf663e6f1a88eeed7460faf8f3cdc7e9"
  integrity sha512-9tOvTp6ObNdBgkqxXu5bpEdyzVnStO+aUprTbCH0lUfgCeig4q21xOt6Xsqt616WGtDJCAbMcdCay0XiDLLjAw==
  dependencies:
    "@aws-sdk/types" "3.6.1"
    tslib "^1.8.0"

"@aws-sdk/protocol-http@3.6.1":
  version "3.6.1"
  resolved "https://registry.yarnpkg.com/@aws-sdk/protocol-http/-/protocol-http-3.6.1.tgz#d3d276846bec19ddb339d06bbc48116d17bbc656"
  integrity sha512-WkQz7ncVYTLvCidDfXWouDzqxgSNPZDz3Bql+7VhZeITnzAEcr4hNMyEqMAVYBVugGmkG2W6YiUqNNs1goOcDA==
  dependencies:
    "@aws-sdk/types" "3.6.1"
    tslib "^1.8.0"

"@aws-sdk/querystring-builder@3.6.1":
  version "3.6.1"
  resolved "https://registry.yarnpkg.com/@aws-sdk/querystring-builder/-/querystring-builder-3.6.1.tgz#4c769829a3760ef065d0d3801f297a7f0cd324d4"
  integrity sha512-ESe255Yl6vB1AMNqaGSQow3TBYYnpw0AFjE40q2VyiNrkbaqKmW2EzjeCy3wEmB1IfJDHy3O12ZOMUMOnjFT8g==
  dependencies:
    "@aws-sdk/types" "3.6.1"
    "@aws-sdk/util-uri-escape" "3.6.1"
    tslib "^1.8.0"

"@aws-sdk/querystring-parser@3.6.1":
  version "3.6.1"
  resolved "https://registry.yarnpkg.com/@aws-sdk/querystring-parser/-/querystring-parser-3.6.1.tgz#e3fa5a710429c7dd411e802a0b82beb48012cce2"
  integrity sha512-hh6dhqamKrWWaDSuO2YULci0RGwJWygoy8hpCRxs/FpzzHIcbm6Cl6Jhrn5eKBzOBv+PhCcYwbfad0kIZZovcQ==
  dependencies:
    "@aws-sdk/types" "3.6.1"
    tslib "^1.8.0"

"@aws-sdk/service-error-classification@3.6.1":
  version "3.6.1"
  resolved "https://registry.yarnpkg.com/@aws-sdk/service-error-classification/-/service-error-classification-3.6.1.tgz#296fe62ac61338341e8a009c9a2dab013a791903"
  integrity sha512-kZ7ZhbrN1f+vrSRkTJvXsu7BlOyZgym058nPA745+1RZ1Rtv4Ax8oknf2RvJyj/1qRUi8LBaAREjzQ3C8tmLBA==

"@aws-sdk/shared-ini-file-loader@3.8.0":
  version "3.8.0"
  resolved "https://registry.yarnpkg.com/@aws-sdk/shared-ini-file-loader/-/shared-ini-file-loader-3.8.0.tgz#af898f46ee01e5b8b5fe0b2aedc9a8d373d0bbd8"
  integrity sha512-wjywtEcsYPwB+asK5iWGeox9ZI4ycaxIGRKJTahFo+VUK6mByIEEG/IF7HuQclSSeDFTt9Occ7hQpXpJ97zpdA==
  dependencies:
    tslib "^1.8.0"

"@aws-sdk/signature-v4@3.6.1":
  version "3.6.1"
  resolved "https://registry.yarnpkg.com/@aws-sdk/signature-v4/-/signature-v4-3.6.1.tgz#b20a3cf3e891131f83b012651f7d4af2bf240611"
  integrity sha512-EAR0qGVL4AgzodZv4t+BSuBfyOXhTNxDxom50IFI1MqidR9vI6avNZKcPHhgXbm7XVcsDGThZKbzQ2q7MZ2NTA==
  dependencies:
    "@aws-sdk/is-array-buffer" "3.6.1"
    "@aws-sdk/types" "3.6.1"
    "@aws-sdk/util-hex-encoding" "3.6.1"
    "@aws-sdk/util-uri-escape" "3.6.1"
    tslib "^1.8.0"

"@aws-sdk/smithy-client@3.6.1":
  version "3.6.1"
  resolved "https://registry.yarnpkg.com/@aws-sdk/smithy-client/-/smithy-client-3.6.1.tgz#683fef89802e318922f8529a5433592d71a7ce9d"
  integrity sha512-AVpRK4/iUxNeDdAm8UqP0ZgtgJMQeWcagTylijwelhWXyXzHUReY1sgILsWcdWnoy6gq845W7K2VBhBleni8+w==
  dependencies:
    "@aws-sdk/middleware-stack" "3.6.1"
    "@aws-sdk/types" "3.6.1"
    tslib "^1.8.0"

"@aws-sdk/types@3.6.1":
  version "3.6.1"
  resolved "https://registry.yarnpkg.com/@aws-sdk/types/-/types-3.6.1.tgz#00686db69e998b521fcd4a5f81ef0960980f80c4"
  integrity sha512-4Dx3eRTrUHLxhFdLJL8zdNGzVsJfAxtxPYYGmIddUkO2Gj3WA1TGjdfG4XN/ClI6e1XonCHafQX3UYO/mgnH3g==

"@aws-sdk/types@^1.0.0-rc.1":
  version "1.0.0-rc.10"
  resolved "https://registry.yarnpkg.com/@aws-sdk/types/-/types-1.0.0-rc.10.tgz#729127fbfac5da1a3368ffe6ec2e90acc9ad69c3"
  integrity sha512-9gwhYnkTNuYZ+etCtM4T8gjpZ0SWSXbzQxY34UjSS+dt3C/UnbX0J22tMahp/9Z1yCa9pihtXrkD+nO2xn7nVQ==

"@aws-sdk/url-parser-native@3.6.1":
  version "3.6.1"
  resolved "https://registry.yarnpkg.com/@aws-sdk/url-parser-native/-/url-parser-native-3.6.1.tgz#a5e787f98aafa777e73007f9490df334ef3389a2"
  integrity sha512-3O+ktsrJoE8YQCho9L41YXO8EWILXrSeES7amUaV3mgIV5w4S3SB/r4RkmylpqRpQF7Ry8LFiAnMqH1wa4WBPA==
  dependencies:
    "@aws-sdk/querystring-parser" "3.6.1"
    "@aws-sdk/types" "3.6.1"
    tslib "^1.8.0"
    url "^0.11.0"

"@aws-sdk/url-parser@3.6.1":
  version "3.6.1"
  resolved "https://registry.yarnpkg.com/@aws-sdk/url-parser/-/url-parser-3.6.1.tgz#f5d89fb21680469a61cb9fe08a7da3ef887884dd"
  integrity sha512-pWFIePDx0PMCleQRsQDWoDl17YiijOLj0ZobN39rQt+wv5PhLSZDz9PgJsqS48nZ6hqsKgipRcjiBMhn5NtFcQ==
  dependencies:
    "@aws-sdk/querystring-parser" "3.6.1"
    "@aws-sdk/types" "3.6.1"
    tslib "^1.8.0"

"@aws-sdk/util-base64-browser@3.6.1":
  version "3.6.1"
  resolved "https://registry.yarnpkg.com/@aws-sdk/util-base64-browser/-/util-base64-browser-3.6.1.tgz#eddea1311b41037fc3fddd889d3e0a9882363215"
  integrity sha512-+DHAIgt0AFARDVC7J0Z9FkSmJhBMlkYdOPeAAgO0WaQoKj7rtsLQJ7P3v3aS1paKN5/sk5xNY7ziVB6uHtOvHA==
  dependencies:
    tslib "^1.8.0"

"@aws-sdk/util-base64-node@3.6.1":
  version "3.6.1"
  resolved "https://registry.yarnpkg.com/@aws-sdk/util-base64-node/-/util-base64-node-3.6.1.tgz#a79c233861e50d3a30728c72b736afdee07d4009"
  integrity sha512-oiqzpsvtTSS92+cL3ykhGd7t3qBJKeHvrgOwUyEf1wFWHQ2DPJR+dIMy5rMFRXWLKCl3w7IddY2rJCkLYMjaqQ==
  dependencies:
    "@aws-sdk/util-buffer-from" "3.6.1"
    tslib "^1.8.0"

"@aws-sdk/util-body-length-browser@3.6.1":
  version "3.6.1"
  resolved "https://registry.yarnpkg.com/@aws-sdk/util-body-length-browser/-/util-body-length-browser-3.6.1.tgz#2e8088f2d9a5a8258b4f56079a8890f538c2797e"
  integrity sha512-IdWwE3rm/CFDk2F+IwTZOFTnnNW5SB8y1lWiQ54cfc7y03hO6jmXNnpZGZ5goHhT+vf1oheNQt1J47m0pM/Irw==
  dependencies:
    tslib "^1.8.0"

"@aws-sdk/util-body-length-node@3.6.1":
  version "3.6.1"
  resolved "https://registry.yarnpkg.com/@aws-sdk/util-body-length-node/-/util-body-length-node-3.6.1.tgz#6e4f2eae46c5a7b0417a12ca7f4b54c390d4cacd"
  integrity sha512-CUG3gc18bSOsqViQhB3M4AlLpAWV47RE6yWJ6rLD0J6/rSuzbwbjzxM39q0YTAVuSo/ivdbij+G9c3QCirC+QQ==
  dependencies:
    tslib "^1.8.0"

"@aws-sdk/util-buffer-from@3.6.1":
  version "3.6.1"
  resolved "https://registry.yarnpkg.com/@aws-sdk/util-buffer-from/-/util-buffer-from-3.6.1.tgz#24184ce74512f764d84002201b7f5101565e26f9"
  integrity sha512-OGUh2B5NY4h7iRabqeZ+EgsrzE1LUmNFzMyhoZv0tO4NExyfQjxIYXLQQvydeOq9DJUbCw+yrRZrj8vXNDQG+g==
  dependencies:
    "@aws-sdk/is-array-buffer" "3.6.1"
    tslib "^1.8.0"

"@aws-sdk/util-format-url@3.6.1":
  version "3.6.1"
  resolved "https://registry.yarnpkg.com/@aws-sdk/util-format-url/-/util-format-url-3.6.1.tgz#a011444aed0c47698d65095bcce95d7b4716324b"
  integrity sha512-FvhcXcqLyJ0j0WdlmGs7PtjCCv8NaY4zBuXYO2iwAmqoy2SIZXQL63uAvmilqWj25q47ASAsUwSFLReCCfMklQ==
  dependencies:
    "@aws-sdk/querystring-builder" "3.6.1"
    "@aws-sdk/types" "3.6.1"
    tslib "^1.8.0"

"@aws-sdk/util-hex-encoding@3.6.1":
  version "3.6.1"
  resolved "https://registry.yarnpkg.com/@aws-sdk/util-hex-encoding/-/util-hex-encoding-3.6.1.tgz#84954fcc47b74ffbd2911ba5113e93bd9b1c6510"
  integrity sha512-pzsGOHtU2eGca4NJgFg94lLaeXDOg8pcS9sVt4f9LmtUGbrqRveeyBv0XlkHeZW2n0IZBssPHipVYQFlk7iaRA==
  dependencies:
    tslib "^1.8.0"

"@aws-sdk/util-locate-window@^1.0.0-rc.1":
  version "1.0.0-rc.8"
  resolved "https://registry.yarnpkg.com/@aws-sdk/util-locate-window/-/util-locate-window-1.0.0-rc.8.tgz#d28175aeb9c8ad3940242e615b1503632d3be33d"
  integrity sha512-TvqeA4fgmZ0A0x3K+qVj/OSWEFHGZjzpVuyXlm1EYOf7NQ9VWRlokEn1MYKuL+t7al9ZeQyi16D8Dn7DW1eidw==
  dependencies:
    tslib "^1.8.0"

"@aws-sdk/util-uri-escape@3.6.1":
  version "3.6.1"
  resolved "https://registry.yarnpkg.com/@aws-sdk/util-uri-escape/-/util-uri-escape-3.6.1.tgz#433e87458bb510d0e457a86c0acf12b046a5068c"
  integrity sha512-tgABiT71r0ScRJZ1pMX0xO0QPMMiISCtumph50IU5VDyZWYgeIxqkMhIcrL1lX0QbNCMgX0n6rZxGrrbjDNavA==
  dependencies:
    tslib "^1.8.0"

"@aws-sdk/util-user-agent-browser@3.6.1":
  version "3.6.1"
  resolved "https://registry.yarnpkg.com/@aws-sdk/util-user-agent-browser/-/util-user-agent-browser-3.6.1.tgz#11b9cc8743392761adb304460f4b54ec8acc2ee6"
  integrity sha512-KhJ4VED4QpuBVPXoTjb5LqspX1xHWJTuL8hbPrKfxj+cAaRRW2CNEe7PPy2CfuHtPzP3dU3urtGTachbwNb0jg==
  dependencies:
    "@aws-sdk/types" "3.6.1"
    bowser "^2.11.0"
    tslib "^1.8.0"

"@aws-sdk/util-user-agent-node@3.8.0":
  version "3.8.0"
  resolved "https://registry.yarnpkg.com/@aws-sdk/util-user-agent-node/-/util-user-agent-node-3.8.0.tgz#6b1d22a7def0df748460f7766714558bf33b9f7a"
  integrity sha512-TjIjxmGrO3HuWcycD5IDQzD5HUXhCIANQwpdBfTS0TOI/5kxmLWz48mU4tN5+l0ix0OhN3JutQV/zWoguNsebQ==
  dependencies:
    "@aws-sdk/node-config-provider" "3.8.0"
    "@aws-sdk/types" "3.6.1"
    tslib "^1.8.0"

"@aws-sdk/util-utf8-browser@3.6.1":
  version "3.6.1"
  resolved "https://registry.yarnpkg.com/@aws-sdk/util-utf8-browser/-/util-utf8-browser-3.6.1.tgz#97a8770cae9d29218adc0f32c7798350261377c7"
  integrity sha512-gZPySY6JU5gswnw3nGOEHl3tYE7vPKvtXGYoS2NRabfDKRejFvu+4/nNW6SSpoOxk6LSXsrWB39NO51k+G4PVA==
  dependencies:
    tslib "^1.8.0"

"@aws-sdk/util-utf8-browser@^1.0.0-rc.1":
  version "1.0.0-rc.8"
  resolved "https://registry.yarnpkg.com/@aws-sdk/util-utf8-browser/-/util-utf8-browser-1.0.0-rc.8.tgz#bf1f1cfed8c024f43a7c43b643fdf2b4523b5973"
  integrity sha512-clncPMJ23rxCIkZ9LoUC8SowwZGxWyN2TwRb0XvW/Cv9EavkRgRCOrCpneGyC326lqtMKx36onnpaSRHxErUYw==
  dependencies:
    tslib "^1.8.0"

"@aws-sdk/util-utf8-node@3.6.1":
  version "3.6.1"
  resolved "https://registry.yarnpkg.com/@aws-sdk/util-utf8-node/-/util-utf8-node-3.6.1.tgz#18534c2069b61f5739ee4cdc70060c9f4b4c4c4f"
  integrity sha512-4s0vYfMUn74XLn13rUUhNsmuPMh0j1d4rF58wXtjlVUU78THxonnN8mbCLC48fI3fKDHTmDDkeEqy7+IWP9VyA==
  dependencies:
    "@aws-sdk/util-buffer-from" "3.6.1"
    tslib "^1.8.0"

"@aws-sdk/util-waiter@3.6.1":
  version "3.6.1"
  resolved "https://registry.yarnpkg.com/@aws-sdk/util-waiter/-/util-waiter-3.6.1.tgz#5c66c2da33ff98468726fefddc2ca7ac3352c17d"
  integrity sha512-CQMRteoxW1XZSzPBVrTsOTnfzsEGs8N/xZ8BuBnXLBjoIQmRKVxIH9lgphm1ohCtVHoSWf28XH/KoOPFULQ4Tg==
  dependencies:
    "@aws-sdk/abort-controller" "3.6.1"
    "@aws-sdk/types" "3.6.1"
    tslib "^1.8.0"

"@discordjs/collection@^0.1.6":
  version "0.1.6"
  resolved "https://registry.yarnpkg.com/@discordjs/collection/-/collection-0.1.6.tgz#9e9a7637f4e4e0688fd8b2b5c63133c91607682c"
  integrity sha512-utRNxnd9kSS2qhyivo9lMlt5qgAUasH2gb7BEOn6p0efFh24gjGomHzWKMAPn2hEReOPQZCJaRKoURwRotKucQ==

"@discordjs/form-data@^3.0.1":
  version "3.0.1"
  resolved "https://registry.yarnpkg.com/@discordjs/form-data/-/form-data-3.0.1.tgz#5c9e6be992e2e57d0dfa0e39979a850225fb4697"
  integrity sha512-ZfFsbgEXW71Rw/6EtBdrP5VxBJy4dthyC0tpQKGKmYFImlmmrykO14Za+BiIVduwjte0jXEBlhSKf0MWbFp9Eg==
  dependencies:
    asynckit "^0.4.0"
    combined-stream "^1.0.8"
    mime-types "^2.1.12"

abort-controller@^3.0.0:
  version "3.0.0"
  resolved "https://registry.yarnpkg.com/abort-controller/-/abort-controller-3.0.0.tgz#eaf54d53b62bae4138e809ca225c8439a6efb392"
  integrity sha512-h8lQ8tacZYnR3vNQTgibj+tODHI5/+l06Au2Pcriv/Gmet0eaj4TwWH41sO9wnHDiQsEj19q0drzdWdeAHtweg==
  dependencies:
    event-target-shim "^5.0.0"

asynckit@^0.4.0:
  version "0.4.0"
  resolved "https://registry.yarnpkg.com/asynckit/-/asynckit-0.4.0.tgz#c79ed97f7f34cb8f2ba1bc9790bcc366474b4b79"
  integrity sha1-x57Zf380y48robyXkLzDZkdLS3k=

bowser@^2.11.0:
  version "2.11.0"
  resolved "https://registry.yarnpkg.com/bowser/-/bowser-2.11.0.tgz#5ca3c35757a7aa5771500c70a73a9f91ef420a8f"
  integrity sha512-AlcaJBi/pqqJBIQ8U9Mcpc9i8Aqxn88Skv5d+xBX006BY5u8N3mGLHa5Lgppa7L/HfwgwLgZ6NYs+Ag6uUmJRA==

combined-stream@^1.0.8:
  version "1.0.8"
  resolved "https://registry.yarnpkg.com/combined-stream/-/combined-stream-1.0.8.tgz#c3d45a8b34fd730631a110a8a2520682b31d5a7f"
  integrity sha512-FQN4MRfuJeHf7cBbBMJFXhKSDq+2kAArBlmRBvcvFE5BB1HZKXtSFASDhdlz9zOYwxh8lDdnvmMOe/+5cdoEdg==
  dependencies:
    delayed-stream "~1.0.0"

delayed-stream@~1.0.0:
  version "1.0.0"
  resolved "https://registry.yarnpkg.com/delayed-stream/-/delayed-stream-1.0.0.tgz#df3ae199acadfb7d440aaae0b29e2272b24ec619"
  integrity sha1-3zrhmayt+31ECqrgsp4icrJOxhk=

discord.js@^12.5.1:
  version "12.5.1"
  resolved "https://registry.yarnpkg.com/discord.js/-/discord.js-12.5.1.tgz#992b45753e3815526a279914ccc281d3496f5990"
  integrity sha512-VwZkVaUAIOB9mKdca0I5MefPMTQJTNg0qdgi1huF3iwsFwJ0L5s/Y69AQe+iPmjuV6j9rtKoG0Ta0n9vgEIL6w==
  dependencies:
    "@discordjs/collection" "^0.1.6"
    "@discordjs/form-data" "^3.0.1"
    abort-controller "^3.0.0"
    node-fetch "^2.6.1"
    prism-media "^1.2.2"
    setimmediate "^1.0.5"
    tweetnacl "^1.0.3"
    ws "^7.3.1"

dotenv@^8.2.0:
  version "8.2.0"
  resolved "https://registry.yarnpkg.com/dotenv/-/dotenv-8.2.0.tgz#97e619259ada750eea3e4ea3e26bceea5424b16a"
  integrity sha512-8sJ78ElpbDJBHNeBzUbUVLsqKdccaa/BXF1uPTw3GrvQTBgrQrtObr2mUrE38vzYd8cEv+m/JBfDLioYcfXoaw==

event-target-shim@^5.0.0:
  version "5.0.1"
  resolved "https://registry.yarnpkg.com/event-target-shim/-/event-target-shim-5.0.1.tgz#5d4d3ebdf9583d63a5333ce2deb7480ab2b05789"
  integrity sha512-i/2XbnSz/uxRCU6+NdVJgKWDTM427+MqYbkQzD321DuCQJUqOuJKIA0IM2+W2xtYHdKOmZ4dR6fExsd4SXL+WQ==

fast-base64-decode@^1.0.0:
  version "1.0.0"
  resolved "https://registry.yarnpkg.com/fast-base64-decode/-/fast-base64-decode-1.0.0.tgz#b434a0dd7d92b12b43f26819300d2dafb83ee418"
  integrity sha512-qwaScUgUGBYeDNRnbc/KyllVU88Jk1pRHPStuF/lO7B0/RTRLj7U0lkdTAutlBblY08rwZDff6tNU9cjv6j//Q==

fast-xml-parser@3.17.4:
  version "3.17.4"
  resolved "https://registry.yarnpkg.com/fast-xml-parser/-/fast-xml-parser-3.17.4.tgz#d668495fb3e4bbcf7970f3c24ac0019d82e76477"
  integrity sha512-qudnQuyYBgnvzf5Lj/yxMcf4L9NcVWihXJg7CiU1L+oUCq8MUnFEfH2/nXR/W5uq+yvUN1h7z6s7vs2v1WkL1A==

mime-db@1.44.0:
  version "1.44.0"
  resolved "https://registry.yarnpkg.com/mime-db/-/mime-db-1.44.0.tgz#fa11c5eb0aca1334b4233cb4d52f10c5a6272f92"
  integrity sha512-/NOTfLrsPBVeH7YtFPgsVWveuL+4SjjYxaQ1xtM1KMFj7HdxlBlxeyNLzhyJVx7r4rZGJAZ/6lkKCitSc/Nmpg==

mime-types@^2.1.12:
  version "2.1.27"
  resolved "https://registry.yarnpkg.com/mime-types/-/mime-types-2.1.27.tgz#47949f98e279ea53119f5722e0f34e529bec009f"
  integrity sha512-JIhqnCasI9yD+SsmkquHBxTSEuZdQX5BuQnS2Vc7puQQQ+8yiP5AY5uWhpdv4YL4VM5c6iliiYWPgJ/nJQLp7w==
  dependencies:
    mime-db "1.44.0"

node-fetch@^2.6.1:
  version "2.6.1"
  resolved "https://registry.yarnpkg.com/node-fetch/-/node-fetch-2.6.1.tgz#045bd323631f76ed2e2b55573394416b639a0052"
  integrity sha512-V4aYg89jEoVRxRb2fJdAg8FHvI7cEyYdVAh94HH0UIK8oJxUfkjlDQN9RbMx+bEjP7+ggMiFRprSti032Oipxw==

prism-media@^1.2.2:
  version "1.2.3"
  resolved "https://registry.yarnpkg.com/prism-media/-/prism-media-1.2.3.tgz#37bbb11726674a73fe56a2df4de76aa91d2141b7"
  integrity sha512-fSrR66n0l6roW9Rx4rSLMyTPTjRTiXy5RVqDOurACQ6si1rKHHKDU5gwBJoCsIV0R3o9gi+K50akl/qyw1C74A==

punycode@1.3.2:
  version "1.3.2"
  resolved "https://registry.yarnpkg.com/punycode/-/punycode-1.3.2.tgz#9653a036fb7c1ee42342f2325cceefea3926c48d"
  integrity sha1-llOgNvt8HuQjQvIyXM7v6jkmxI0=

querystring@0.2.0:
  version "0.2.0"
  resolved "https://registry.yarnpkg.com/querystring/-/querystring-0.2.0.tgz#b209849203bb25df820da756e747005878521620"
  integrity sha1-sgmEkgO7Jd+CDadW50cAWHhSFiA=

react-native-get-random-values@^1.4.0:
  version "1.5.0"
  resolved "https://registry.yarnpkg.com/react-native-get-random-values/-/react-native-get-random-values-1.5.0.tgz#91cda18f0e66e3d9d7660ba80c61c914030c1e05"
  integrity sha512-LK+Wb8dEimJkd/dub7qziDmr9Tw4chhpzVeQ6JDo4czgfG4VXbptRyOMdu8503RiMF6y9pTH6ZUTkrrpprqT7w==
  dependencies:
    fast-base64-decode "^1.0.0"

setimmediate@^1.0.5:
  version "1.0.5"
  resolved "https://registry.yarnpkg.com/setimmediate/-/setimmediate-1.0.5.tgz#290cbb232e306942d7d7ea9b83732ab7856f8285"
  integrity sha1-KQy7Iy4waULX1+qbg3Mqt4VvgoU=

tslib@^1.11.1, tslib@^1.8.0:
  version "1.14.1"
  resolved "https://registry.yarnpkg.com/tslib/-/tslib-1.14.1.tgz#cf2d38bdc34a134bcaf1091c41f6619e2f672d00"
  integrity sha512-Xni35NKzjgMrwevysHTCArtLDpPvye8zV/0E4EyYn43P7/7qvQwPh9BGkHewbMulVntbigmcT7rdX3BNo9wRJg==

tslib@^2.0.0:
  version "2.0.3"
  resolved "https://registry.yarnpkg.com/tslib/-/tslib-2.0.3.tgz#8e0741ac45fc0c226e58a17bfc3e64b9bc6ca61c"
  integrity sha512-uZtkfKblCEQtZKBF6EBXVZeQNl82yqtDQdv+eck8u7tdPxjLu2/lp5/uPW+um2tpuxINHWy3GhiccY7QgEaVHQ==

tweetnacl@^1.0.3:
  version "1.0.3"
  resolved "https://registry.yarnpkg.com/tweetnacl/-/tweetnacl-1.0.3.tgz#ac0af71680458d8a6378d0d0d050ab1407d35596"
  integrity sha512-6rt+RN7aOi1nGMyC4Xa5DdYiukl2UWCbcJft7YhxReBGQD7OAM8Pbxw6YMo4r2diNEA8FEmu32YOn9rhaiE5yw==

url@^0.11.0:
  version "0.11.0"
  resolved "https://registry.yarnpkg.com/url/-/url-0.11.0.tgz#3838e97cfc60521eb73c525a8e55bfdd9e2e28f1"
  integrity sha1-ODjpfPxgUh63PFJajlW/3Z4uKPE=
  dependencies:
    punycode "1.3.2"
    querystring "0.2.0"

uuid@^3.0.0:
  version "3.4.0"
  resolved "https://registry.yarnpkg.com/uuid/-/uuid-3.4.0.tgz#b23e4358afa8a202fe7a100af1f5f883f02007ee"
  integrity sha512-HjSDRw6gZE5JMggctHBcjVak08+KEVhSIiDzFnT9S9aegmp85S/bReBVTb4QTFaRNptJ9kuYaNhnbNEOkbKb/A==

ws@^7.3.1:
  version "7.4.1"
  resolved "https://registry.yarnpkg.com/ws/-/ws-7.4.1.tgz#a333be02696bd0e54cea0434e21dcc8a9ac294bb"
  integrity sha512-pTsP8UAfhy3sk1lSk/O/s4tjD0CRwvMnzvwr4OKGX7ZvqZtUyx4KIJB5JWbkykPoc55tixMGgTNoh3k4FkNGFQ==
